
Microsoft Visual Studio Solution File, Format Version 12.00
# Visual Studio Version 17
VisualStudioVersion = 17.11.35327.3
MinimumVisualStudioVersion = 10.0.40219.1
Project("{FAE04EC0-301F-11D3-BF4B-00C04F79EFBC}") = "TelegramBot", "TelegramBot\TelegramBot.csproj", "{797B1F82-EEEB-42DC-8004-F128C5D20E3B}"
EndProject
Project("{2150E333-8FDC-42A3-9474-1A3956D46DE8}") = "TelegramBot", "TelegramBot", "{99F42680-0F32-411A-8CED-946C5C30657B}"
EndProject
Project("{2150E333-8FDC-42A3-9474-1A3956D46DE8}") = "Data", "Data", "{3A67B23B-CEE4-48F7-9B31-81690966C9C2}"
EndProject
Project("{2150E333-8FDC-42A3-9474-1A3956D46DE8}") = "BotLogic", "BotLogic", "{46BD102D-38AA-4880-A71E-6C7481A67A96}"
EndProject
Project("{FAE04EC0-301F-11D3-BF4B-00C04F79EFBC}") = "MedicineDiary.Data", "MedicineDiary.Data\MedicineDiary.Data.csproj", "{D09F4635-FF2C-4DEE-819D-313C599FF2F5}"
	ProjectSection(ProjectDependencies) = postProject
		{FB080DD4-EDE3-44C7-A856-A84F046DA645} = {FB080DD4-EDE3-44C7-A856-A84F046DA645}
	EndProjectSection
EndProject
Project("{2150E333-8FDC-42A3-9474-1A3956D46DE8}") = "Models", "Models", "{12F386C8-0ADF-4F56-926C-94A19393C6D8}"
EndProject
Project("{FAE04EC0-301F-11D3-BF4B-00C04F79EFBC}") = "MedicineDiary.Models", "MedicineDiary.Models\MedicineDiary.Models.csproj", "{FB080DD4-EDE3-44C7-A856-A84F046DA645}"
EndProject
Project("{FAE04EC0-301F-11D3-BF4B-00C04F79EFBC}") = "MedicineDiary.BotLogic", "MedicineDiary.BotLogic\MedicineDiary.BotLogic.csproj", "{B0756159-7874-4D48-B6BE-2C4F394ECA0B}"
	ProjectSection(ProjectDependencies) = postProject
		{D09F4635-FF2C-4DEE-819D-313C599FF2F5} = {D09F4635-FF2C-4DEE-819D-313C599FF2F5}
		{FB080DD4-EDE3-44C7-A856-A84F046DA645} = {FB080DD4-EDE3-44C7-A856-A84F046DA645}
	EndProjectSection
EndProject
Project("{2150E333-8FDC-42A3-9474-1A3956D46DE8}") = "Tests", "Tests", "{45CE370E-60FA-406F-AF8C-B0EDB7B0B1F0}"
EndProject
Project("{FAE04EC0-301F-11D3-BF4B-00C04F79EFBC}") = "MedicineDiary.Tests", "MedicineDiary.Tests\MedicineDiary.Tests.csproj", "{5D1D9141-7ADF-4ED7-AFB1-00CAFF5E1765}"
	ProjectSection(ProjectDependencies) = postProject
		{B0756159-7874-4D48-B6BE-2C4F394ECA0B} = {B0756159-7874-4D48-B6BE-2C4F394ECA0B}
	EndProjectSection
EndProject
Global
	GlobalSection(SolutionConfigurationPlatforms) = preSolution
		Debug|Any CPU = Debug|Any CPU
		Release|Any CPU = Release|Any CPU
	EndGlobalSection
	GlobalSection(ProjectConfigurationPlatforms) = postSolution
		{797B1F82-EEEB-42DC-8004-F128C5D20E3B}.Debug|Any CPU.ActiveCfg = Debug|Any CPU
		{797B1F82-EEEB-42DC-8004-F128C5D20E3B}.Debug|Any CPU.Build.0 = Debug|Any CPU
		{797B1F82-EEEB-42DC-8004-F128C5D20E3B}.Release|Any CPU.ActiveCfg = Release|Any CPU
		{797B1F82-EEEB-42DC-8004-F128C5D20E3B}.Release|Any CPU.Build.0 = Release|Any CPU
		{D09F4635-FF2C-4DEE-819D-313C599FF2F5}.Debug|Any CPU.ActiveCfg = Debug|Any CPU
		{D09F4635-FF2C-4DEE-819D-313C599FF2F5}.Debug|Any CPU.Build.0 = Debug|Any CPU
		{D09F4635-FF2C-4DEE-819D-313C599FF2F5}.Release|Any CPU.ActiveCfg = Release|Any CPU
		{D09F4635-FF2C-4DEE-819D-313C599FF2F5}.Release|Any CPU.Build.0 = Release|Any CPU
		{FB080DD4-EDE3-44C7-A856-A84F046DA645}.Debug|Any CPU.ActiveCfg = Debug|Any CPU
		{FB080DD4-EDE3-44C7-A856-A84F046DA645}.Debug|Any CPU.Build.0 = Debug|Any CPU
		{FB080DD4-EDE3-44C7-A856-A84F046DA645}.Release|Any CPU.ActiveCfg = Release|Any CPU
		{FB080DD4-EDE3-44C7-A856-A84F046DA645}.Release|Any CPU.Build.0 = Release|Any CPU
		{B0756159-7874-4D48-B6BE-2C4F394ECA0B}.Debug|Any CPU.ActiveCfg = Debug|Any CPU
		{B0756159-7874-4D48-B6BE-2C4F394ECA0B}.Debug|Any CPU.Build.0 = Debug|Any CPU
		{B0756159-7874-4D48-B6BE-2C4F394ECA0B}.Release|Any CPU.ActiveCfg = Release|Any CPU
		{B0756159-7874-4D48-B6BE-2C4F394ECA0B}.Release|Any CPU.Build.0 = Release|Any CPU
		{5D1D9141-7ADF-4ED7-AFB1-00CAFF5E1765}.Debug|Any CPU.ActiveCfg = Debug|Any CPU
		{5D1D9141-7ADF-4ED7-AFB1-00CAFF5E1765}.Debug|Any CPU.Build.0 = Debug|Any CPU
		{5D1D9141-7ADF-4ED7-AFB1-00CAFF5E1765}.Release|Any CPU.ActiveCfg = Release|Any CPU
		{5D1D9141-7ADF-4ED7-AFB1-00CAFF5E1765}.Release|Any CPU.Build.0 = Release|Any CPU
	EndGlobalSection
	GlobalSection(SolutionProperties) = preSolution
		HideSolutionNode = FALSE
	EndGlobalSection
	GlobalSection(NestedProjects) = preSolution
		{797B1F82-EEEB-42DC-8004-F128C5D20E3B} = {99F42680-0F32-411A-8CED-946C5C30657B}
		{D09F4635-FF2C-4DEE-819D-313C599FF2F5} = {3A67B23B-CEE4-48F7-9B31-81690966C9C2}
		{FB080DD4-EDE3-44C7-A856-A84F046DA645} = {12F386C8-0ADF-4F56-926C-94A19393C6D8}
		{B0756159-7874-4D48-B6BE-2C4F394ECA0B} = {46BD102D-38AA-4880-A71E-6C7481A67A96}
		{5D1D9141-7ADF-4ED7-AFB1-00CAFF5E1765} = {45CE370E-60FA-406F-AF8C-B0EDB7B0B1F0}
	EndGlobalSection
	GlobalSection(ExtensibilityGlobals) = postSolution
		SolutionGuid = {AB0CC15F-8CCF-4687-BA32-694B8F10DD21}
	EndGlobalSection
EndGlobal
